
Microsoft Visual Studio Solution File, Format Version 12.00
# Visual Studio Version 17
VisualStudioVersion = 17.0.31912.275
MinimumVisualStudioVersion = 10.0.40219.1
Project("{FAE04EC0-301F-11D3-BF4B-00C04F79EFBC}") = "olx", "olx\olx.csproj", "{41001392-3DE0-489A-9D3E-2A791D6CB853}"
EndProject
Global
	GlobalSection(SolutionConfigurationPlatforms) = preSolution
		Debug|Any CPU = Debug|Any CPU
		Release|Any CPU = Release|Any CPU
	EndGlobalSection
	GlobalSection(ProjectConfigurationPlatforms) = postSolution
		{41001392-3DE0-489A-9D3E-2A791D6CB853}.Debug|Any CPU.ActiveCfg = Debug|Any CPU
		{41001392-3DE0-489A-9D3E-2A791D6CB853}.Debug|Any CPU.Build.0 = Debug|Any CPU
		{41001392-3DE0-489A-9D3E-2A791D6CB853}.Release|Any CPU.ActiveCfg = Release|Any CPU
		{41001392-3DE0-489A-9D3E-2A791D6CB853}.Release|Any CPU.Build.0 = Release|Any CPU
	EndGlobalSection
	GlobalSection(SolutionProperties) = preSolution
		HideSolutionNode = FALSE
	EndGlobalSection
	GlobalSection(ExtensibilityGlobals) = postSolution
		SolutionGuid = {E01CC798-9804-4049-B6B6-76358F7E62F1}
	EndGlobalSection
EndGlobal
